{
  "name": "kickoff360",
  "lockfileVersion": 3,
  "requires": true,
  "packages": {
    "": {
      "name": "kickoff360",
      "devDependencies": {
        "turbo": "^2.0.0",
        "typescript": "^5.5.0"
      },
      "engines": {
        "node": ">=22"
      }
    },
    "node_modules/@turbo/darwin-arm64": {
      "version": "2.9.16",
      "cpu": [
        "arm64"
      ],
      "dev": true,
      "license": "MIT",
      "optional": true,
      "os": [
        "darwin"
      ]
    },
    "node_modules/turbo": {
      "version": "2.9.16",
      "dev": true,
      "license": "MIT",
      "bin": {
        "turbo": "bin/turbo"
      },
      "optionalDependencies": {
        "@turbo/darwin-64": "2.9.16",
        "@turbo/darwin-arm64": "2.9.16",
        "@turbo/linux-64": "2.9.16",
        "@turbo/linux-arm64": "2.9.16",
        "@turbo/windows-64": "2.9.16",
        "@turbo/windows-arm64": "2.9.16"
      }
    },
    "node_modules/typescript": {
      "version": "5.9.3",
      "dev": true,
      "license": "Apache-2.0",
      "bin": {
        "tsc": "bin/tsc",
        "tsserver": "bin/tsserver"
      },
      "engines": {
        "node": ">=14.17"
      }
    }
  }
}
